// !$*UTF8*$!
{
	archiveVersion = 1;
	classes = {
	};
	objectVersion = 50;
	objects = {

/* Begin PBXBuildFile section */
		1291C5E0264611B2000886F2 /* Todo.swift in Sources */ = {isa = PBXBuildFile; fileRef = 1291C5DF264611B2000886F2 /* Todo.swift */; };
		1291C5E42646131A000886F2 /* TodoStorage.swift in Sources */ = {isa = PBXBuildFile; fileRef = 1291C5E32646131A000886F2 /* TodoStorage.swift */; };
		12B3D03A2644D7B9002B76CD /* EnvironmentObject_SwiftUIApp.swift in Sources */ = {isa = PBXBuildFile; fileRef = 12B3D0392644D7B9002B76CD /* EnvironmentObject_SwiftUIApp.swift */; };
		12B3D03E2644D7BB002B76CD /* Assets.xcassets in Resources */ = {isa = PBXBuildFile; fileRef = 12B3D03D2644D7BB002B76CD /* Assets.xcassets */; };
		12B3D0412644D7BB002B76CD /* Preview Assets.xcassets in Resources */ = {isa = PBXBuildFile; fileRef = 12B3D0402644D7BB002B76CD /* Preview Assets.xcassets */; };
		12B3D04F2644D944002B76CD /* MainView.swift in Sources */ = {isa = PBXBuildFile; fileRef = 12B3D04E2644D944002B76CD /* MainView.swift */; };
		12B3D0532644D97F002B76CD /* TodosAtoZ.swift in Sources */ = {isa = PBXBuildFile; fileRef = 12B3D0522644D97F002B76CD /* TodosAtoZ.swift */; };
		12B3D0562644D997002B76CD /* TodosZtoA.swift in Sources */ = {isa = PBXBuildFile; fileRef = 12B3D0552644D997002B76CD /* TodosZtoA.swift */; };
		12B3D0592644D9A9002B76CD /* TodosByDateCreated.swift in Sources */ = {isa = PBXBuildFile; fileRef = 12B3D0582644D9A9002B76CD /* TodosByDateCreated.swift */; };
		12C249782646555A00A968EF /* EnterTodoView.swift in Sources */ = {isa = PBXBuildFile; fileRef = 12C249772646555A00A968EF /* EnterTodoView.swift */; };
/* End PBXBuildFile section */

/* Begin PBXFileReference section */
		1291C5DF264611B2000886F2 /* Todo.swift */ = {isa = PBXFileReference; lastKnownFileType = sourcecode.swift; path = Todo.swift; sourceTree = "<group>"; };
		1291C5E32646131A000886F2 /* TodoStorage.swift */ = {isa = PBXFileReference; lastKnownFileType = sourcecode.swift; path = TodoStorage.swift; sourceTree = "<group>"; };
		12B3D0362644D7B9002B76CD /* EnvironmentObject_SwiftUI.app */ = {isa = PBXFileReference; explicitFileType = wrapper.application; includeInIndex = 0; path = EnvironmentObject_SwiftUI.app; sourceTree = BUILT_PRODUCTS_DIR; };
		12B3D0392644D7B9002B76CD /* EnvironmentObject_SwiftUIApp.swift */ = {isa = PBXFileReference; lastKnownFileType = sourcecode.swift; path = EnvironmentObject_SwiftUIApp.swift; sourceTree = "<group>"; };
		12B3D03D2644D7BB002B76CD /* Assets.xcassets */ = {isa = PBXFileReference; lastKnownFileType = folder.assetcatalog; path = Assets.xcassets; sourceTree = "<group>"; };
		12B3D0402644D7BB002B76CD /* Preview Assets.xcassets */ = {isa = PBXFileReference; lastKnownFileType = folder.assetcatalog; path = "Preview Assets.xcassets"; sourceTree = "<group>"; };
		12B3D0422644D7BB002B76CD /* Info.plist */ = {isa = PBXFileReference; lastKnownFileType = text.plist.xml; path = Info.plist; sourceTree = "<group>"; };
		12B3D04E2644D944002B76CD /* MainView.swift */ = {isa = PBXFileReference; lastKnownFileType = sourcecode.swift; path = MainView.swift; sourceTree = "<group>"; };
		12B3D0522644D97F002B76CD /* TodosAtoZ.swift */ = {isa = PBXFileReference; lastKnownFileType = sourcecode.swift; path = TodosAtoZ.swift; sourceTree = "<group>"; };
		12B3D0552644D997002B76CD /* TodosZtoA.swift */ = {isa = PBXFileReference; lastKnownFileType = sourcecode.swift; path = TodosZtoA.swift; sourceTree = "<group>"; };
		12B3D0582644D9A9002B76CD /* TodosByDateCreated.swift */ = {isa = PBXFileReference; lastKnownFileType = sourcecode.swift; path = TodosByDateCreated.swift; sourceTree = "<group>"; };
		12C249772646555A00A968EF /* EnterTodoView.swift */ = {isa = PBXFileReference; lastKnownFileType = sourcecode.swift; path = EnterTodoView.swift; sourceTree = "<group>"; };
/* End PBXFileReference section */

/* Begin PBXFrameworksBuildPhase section */
		12B3D0332644D7B9002B76CD /* Frameworks */ = {
			isa = PBXFrameworksBuildPhase;
			buildActionMask = 2147483647;
			files = (
			);
			runOnlyForDeploymentPostprocessing = 0;
		};
/* End PBXFrameworksBuildPhase section */

/* Begin PBXGroup section */
		12B3D02D2644D7B9002B76CD = {
			isa = PBXGroup;
			children = (
				12B3D0382644D7B9002B76CD /* EnvironmentObject_SwiftUI */,
				12B3D0372644D7B9002B76CD /* Products */,
			);
			sourceTree = "<group>";
		};
		12B3D0372644D7B9002B76CD /* Products */ = {
			isa = PBXGroup;
			children = (
				12B3D0362644D7B9002B76CD /* EnvironmentObject_SwiftUI.app */,
			);
			name = Products;
			sourceTree = "<group>";
		};
		12B3D0382644D7B9002B76CD /* EnvironmentObject_SwiftUI */ = {
			isa = PBXGroup;
			children = (
				12B3D0392644D7B9002B76CD /* EnvironmentObject_SwiftUIApp.swift */,
				12B3D04E2644D944002B76CD /* MainView.swift */,
				12B3D0522644D97F002B76CD /* TodosAtoZ.swift */,
				12B3D0552644D997002B76CD /* TodosZtoA.swift */,
				12B3D0582644D9A9002B76CD /* TodosByDateCreated.swift */,
				12C249772646555A00A968EF /* EnterTodoView.swift */,
				1291C5DF264611B2000886F2 /* Todo.swift */,
				1291C5E32646131A000886F2 /* TodoStorage.swift */,
				12B3D03D2644D7BB002B76CD /* Assets.xcassets */,
				12B3D0422644D7BB002B76CD /* Info.plist */,
				12B3D03F2644D7BB002B76CD /* Preview Content */,
			);
			path = EnvironmentObject_SwiftUI;
			sourceTree = "<group>";
		};
		12B3D03F2644D7BB002B76CD /* Preview Content */ = {
			isa = PBXGroup;
			children = (
				12B3D0402644D7BB002B76CD /* Preview Assets.xcassets */,
			);
			path = "Preview Content";
			sourceTree = "<group>";
		};
/* End PBXGroup section */

/* Begin PBXNativeTarget section */
		12B3D0352644D7B9002B76CD /* EnvironmentObject_SwiftUI */ = {
			isa = PBXNativeTarget;
			buildConfigurationList = 12B3D0452644D7BB002B76CD /* Build configuration list for PBXNativeTarget "EnvironmentObject_SwiftUI" */;
			buildPhases = (
				12B3D0322644D7B9002B76CD /* Sources */,
				12B3D0332644D7B9002B76CD /* Frameworks */,
				12B3D0342644D7B9002B76CD /* Resources */,
			);
			buildRules = (
			);
			dependencies = (
			);
			name = EnvironmentObject_SwiftUI;
			productName = EnvironmentObject_SwiftUI;
			productReference = 12B3D0362644D7B9002B76CD /* EnvironmentObject_SwiftUI.app */;
			productType = "com.apple.product-type.application";
		};
/* End PBXNativeTarget section */

/* Begin PBXProject section */
		12B3D02E2644D7B9002B76CD /* Project object */ = {
			isa = PBXProject;
			attributes = {
				LastSwiftUpdateCheck = 1240;
				LastUpgradeCheck = 1240;
				TargetAttributes = {
					12B3D0352644D7B9002B76CD = {
						CreatedOnToolsVersion = 12.4;
					};
				};
			};
			buildConfigurationList = 12B3D0312644D7B9002B76CD /* Build configuration list for PBXProject "EnvironmentObject_SwiftUI" */;
			compatibilityVersion = "Xcode 9.3";
			developmentRegion = en;
			hasScannedForEncodings = 0;
			knownRegions = (
				en,
				Base,
			);
			mainGroup = 12B3D02D2644D7B9002B76CD;
			productRefGroup = 12B3D0372644D7B9002B76CD /* Products */;
			projectDirPath = "";
			projectRoot = "";
			targets = (
				12B3D0352644D7B9002B76CD /* EnvironmentObject_SwiftUI */,
			);
		};
/* End PBXProject section */

/* Begin PBXResourcesBuildPhase section */
		12B3D0342644D7B9002B76CD /* Resources */ = {
			isa = PBXResourcesBuildPhase;
			buildActionMask = 2147483647;
			files = (
				12B3D0412644D7BB002B76CD /* Preview Assets.xcassets in Resources */,
				12B3D03E2644D7BB002B76CD /* Assets.xcassets in Resources */,
			);
			runOnlyForDeploymentPostprocessing = 0;
		};
/* End PBXResourcesBuildPhase section */

/* Begin PBXSourcesBuildPhase section */
		12B3D0322644D7B9002B76CD /* Sources */ = {
			isa = PBXSourcesBuildPhase;
			buildActionMask = 2147483647;
			files = (
				12B3D0532644D97F002B76CD /* TodosAtoZ.swift in Sources */,
				1291C5E42646131A000886F2 /* TodoStorage.swift in Sources */,
				1291C5E0264611B2000886F2 /* Todo.swift in Sources */,
				12B3D0562644D997002B76CD /* TodosZtoA.swift in Sources */,
				12B3D04F2644D944002B76CD /* MainView.swift in Sources */,
				12C249782646555A00A968EF /* EnterTodoView.swift in Sources */,
				12B3D03A2644D7B9002B76CD /* EnvironmentObject_SwiftUIApp.swift in Sources */,
				12B3D0592644D9A9002B76CD /* TodosByDateCreated.swift in Sources */,
			);
			runOnlyForDeploymentPostprocessing = 0;
		};
/* End PBXSourcesBuildPhase section */

/* Begin XCBuildConfiguration section */
		12B3D0432644D7BB002B76CD /* Debug */ = {
			isa = XCBuildConfiguration;
			buildSettings = {
				ALWAYS_SEARCH_USER_PATHS = NO;
				CLANG_ANALYZER_NONNULL = YES;
				CLANG_ANALYZER_NUMBER_OBJECT_CONVERSION = YES_AGGRESSIVE;
				CLANG_CXX_LANGUAGE_STANDARD = "gnu++14";
				CLANG_CXX_LIBRARY = "libc++";
				CLANG_ENABLE_MODULES = YES;
				CLANG_ENABLE_OBJC_ARC = YES;
				CLANG_ENABLE_OBJC_WEAK = YES;
				CLANG_WARN_BLOCK_CAPTURE_AUTORELEASING = YES;
				CLANG_WARN_BOOL_CONVERSION = YES;
				CLANG_WARN_COMMA = YES;
				CLANG_WARN_CONSTANT_CONVERSION = YES;
				CLANG_WARN_DEPRECATED_OBJC_IMPLEMENTATIONS = YES;
				CLANG_WARN_DIRECT_OBJC_ISA_USAGE = YES_ERROR;
				CLANG_WARN_DOCUMENTATION_COMMENTS = YES;
				CLANG_WARN_EMPTY_BODY = YES;
				CLANG_WARN_ENUM_CONVERSION = YES;
				CLANG_WARN_INFINITE_RECURSION = YES;
				CLANG_WARN_INT_CONVERSION = YES;
				CLANG_WARN_NON_LITERAL_NULL_CONVERSION = YES;
				CLANG_WARN_OBJC_IMPLICIT_RETAIN_SELF = YES;
				CLANG_WARN_OBJC_LITERAL_CONVERSION = YES;
				CLANG_WARN_OBJC_ROOT_CLASS = YES_ERROR;
				CLANG_WARN_QUOTED_INCLUDE_IN_FRAMEWORK_HEADER = YES;
				CLANG_WARN_RANGE_LOOP_ANALYSIS = YES;
				CLANG_WARN_STRICT_PROTOTYPES = YES;
				CLANG_WARN_SUSPICIOUS_MOVE = YES;
				CLANG_WARN_UNGUARDED_AVAILABILITY = YES_AGGRESSIVE;
				CLANG_WARN_UNREACHABLE_CODE = YES;
				CLANG_WARN__DUPLICATE_METHOD_MATCH = YES;
				COPY_PHASE_STRIP = NO;
				DEBUG_INFORMATION_FORMAT = dwarf;
				ENABLE_STRICT_OBJC_MSGSEND = YES;
				ENABLE_TESTABILITY = YES;
				GCC_C_LANGUAGE_STANDARD = gnu11;
				GCC_DYNAMIC_NO_PIC = NO;
				GCC_NO_COMMON_BLOCKS = YES;
				GCC_OPTIMIZATION_LEVEL = 0;
				GCC_PREPROCESSOR_DEFINITIONS = (
					"DEBUG=1",
					"$(inherited)",
				);
				GCC_WARN_64_TO_32_BIT_CONVERSION = YES;
				GCC_WARN_ABOUT_RETURN_TYPE = YES_ERROR;
				GCC_WARN_UNDECLARED_SELECTOR = YES;
				GCC_WARN_UNINITIALIZED_AUTOS = YES_AGGRESSIVE;
				GCC_WARN_UNUSED_FUNCTION = YES;
				GCC_WARN_UNUSED_VARIABLE = YES;
				IPHONEOS_DEPLOYMENT_TARGET = 14.4;
				MTL_ENABLE_DEBUG_INFO = INCLUDE_SOURCE;
				MTL_FAST_MATH = YES;
				ONLY_ACTIVE_ARCH = YES;
				SDKROOT = iphoneos;
				SWIFT_ACTIVE_COMPILATION_CONDITIONS = DEBUG;
				SWIFT_OPTIMIZATION_LEVEL = "-Onone";
			};
			name = Debug;
		};
		12B3D0442644D7BB002B76CD /* Release */ = {
			isa = XCBuildConfiguration;
			buildSettings = {
				ALWAYS_SEARCH_USER_PATHS = NO;
				CLANG_ANALYZER_NONNULL = YES;
				CLANG_ANALYZER_NUMBER_OBJECT_CONVERSION = YES_AGGRESSIVE;
				CLANG_CXX_LANGUAGE_STANDARD = "gnu++14";
				CLANG_CXX_LIBRARY = "libc++";
				CLANG_ENABLE_MODULES = YES;
				CLANG_ENABLE_OBJC_ARC = YES;
				CLANG_ENABLE_OBJC_WEAK = YES;
				CLANG_WARN_BLOCK_CAPTURE_AUTORELEASING = YES;
				CLANG_WARN_BOOL_CONVERSION = YES;
				CLANG_WARN_COMMA = YES;
				CLANG_WARN_CONSTANT_CONVERSION = YES;
				CLANG_WARN_DEPRECATED_OBJC_IMPLEMENTATIONS = YES;
				CLANG_WARN_DIRECT_OBJC_ISA_USAGE = YES_ERROR;
				CLANG_WARN_DOCUMENTATION_COMMENTS = YES;
				CLANG_WARN_EMPTY_BODY = YES;
				CLANG_WARN_ENUM_CONVERSION = YES;
				CLANG_WARN_INFINITE_RECURSION = YES;
				CLANG_WARN_INT_CONVERSION = YES;
				CLANG_WARN_NON_LITERAL_NULL_CONVERSION = YES;
				CLANG_WARN_OBJC_IMPLICIT_RETAIN_SELF = YES;
				CLANG_WARN_OBJC_LITERAL_CONVERSION = YES;
				CLANG_WARN_OBJC_ROOT_CLASS = YES_ERROR;
				CLANG_WARN_QUOTED_INCLUDE_IN_FRAMEWORK_HEADER = YES;
				CLANG_WARN_RANGE_LOOP_ANALYSIS = YES;
				CLANG_WARN_STRICT_PROTOTYPES = YES;
				CLANG_WARN_SUSPICIOUS_MOVE = YES;
				CLANG_WARN_UNGUARDED_AVAILABILITY = YES_AGGRESSIVE;
				CLANG_WARN_UNREACHABLE_CODE = YES;
				CLANG_WARN__DUPLICATE_METHOD_MATCH = YES;
				COPY_PHASE_STRIP = NO;
				DEBUG_INFORMATION_FORMAT = "dwarf-with-dsym";
				ENABLE_NS_ASSERTIONS = NO;
				ENABLE_STRICT_OBJC_MSGSEND = YES;
				GCC_C_LANGUAGE_STANDARD = gnu11;
				GCC_NO_COMMON_BLOCKS = YES;
				GCC_WARN_64_TO_32_BIT_CONVERSION = YES;
				GCC_WARN_ABOUT_RETURN_TYPE = YES_ERROR;
				GCC_WARN_UNDECLARED_SELECTOR = YES;
				GCC_WARN_UNINITIALIZED_AUTOS = YES_AGGRESSIVE;
				GCC_WARN_UNUSED_FUNCTION = YES;
				GCC_WARN_UNUSED_VARIABLE = YES;
				IPHONEOS_DEPLOYMENT_TARGET = 14.4;
				MTL_ENABLE_DEBUG_INFO = NO;
				MTL_FAST_MATH = YES;
				SDKROOT = iphoneos;
				SWIFT_COMPILATION_MODE = wholemodule;
				SWIFT_OPTIMIZATION_LEVEL = "-O";
				VALIDATE_PRODUCT = YES;
			};
			name = Release;
		};
		12B3D0462644D7BB002B76CD /* Debug */ = {
			isa = XCBuildConfiguration;
			buildSettings = {
				ASSETCATALOG_COMPILER_APPICON_NAME = AppIcon;
				ASSETCATALOG_COMPILER_GLOBAL_ACCENT_COLOR_NAME = AccentColor;
				CODE_SIGN_STYLE = Automatic;
				DEVELOPMENT_ASSET_PATHS = "\"EnvironmentObject_SwiftUI/Preview Content\"";
				DEVELOPMENT_TEAM = C66Y3DM74C;
				ENABLE_PREVIEWS = YES;
				INFOPLIST_FILE = EnvironmentObject_SwiftUI/Info.plist;
				IPHONEOS_DEPLOYMENT_TARGET = 14.0;
				LD_RUNPATH_SEARCH_PATHS = (
					"$(inherited)",
					"@executable_path/Frameworks",
				);
				PRODUCT_BUNDLE_IDENTIFIER = "com.joshr.EnvironmentObject-SwiftUI";
				PRODUCT_NAME = "$(TARGET_NAME)";
				SWIFT_VERSION = 5.0;
				TARGETED_DEVICE_FAMILY = "1,2";
			};
			name = Debug;
		};
		12B3D0472644D7BB002B76CD /* Release */ = {
			isa = XCBuildConfiguration;
			buildSettings = {
				ASSETCATALOG_COMPILER_APPICON_NAME = AppIcon;
				ASSETCATALOG_COMPILER_GLOBAL_ACCENT_COLOR_NAME = AccentColor;
				CODE_SIGN_STYLE = Automatic;
				DEVELOPMENT_ASSET_PATHS = "\"EnvironmentObject_SwiftUI/Preview Content\"";
				DEVELOPMENT_TEAM = C66Y3DM74C;
				ENABLE_PREVIEWS = YES;
				INFOPLIST_FILE = EnvironmentObject_SwiftUI/Info.plist;
				IPHONEOS_DEPLOYMENT_TARGET = 14.0;
				LD_RUNPATH_SEARCH_PATHS = (
					"$(inherited)",
					"@executable_path/Frameworks",
				);
				PRODUCT_BUNDLE_IDENTIFIER = "com.joshr.EnvironmentObject-SwiftUI";
				PRODUCT_NAME = "$(TARGET_NAME)";
				SWIFT_VERSION = 5.0;
				TARGETED_DEVICE_FAMILY = "1,2";
			};
			name = Release;
		};
/* End XCBuildConfiguration section */

/* Begin XCConfigurationList section */
		12B3D0312644D7B9002B76CD /* Build configuration list for PBXProject "EnvironmentObject_SwiftUI" */ = {
			isa = XCConfigurationList;
			buildConfigurations = (
				12B3D0432644D7BB002B76CD /* Debug */,
				12B3D0442644D7BB002B76CD /* Release */,
			);
			defaultConfigurationIsVisible = 0;
			defaultConfigurationName = Release;
		};
		12B3D0452644D7BB002B76CD /* Build configuration list for PBXNativeTarget "EnvironmentObject_SwiftUI" */ = {
			isa = XCConfigurationList;
			buildConfigurations = (
				12B3D0462644D7BB002B76CD /* Debug */,
				12B3D0472644D7BB002B76CD /* Release */,
			);
			defaultConfigurationIsVisible = 0;
			defaultConfigurationName = Release;
		};
/* End XCConfigurationList section */
	};
	rootObject = 12B3D02E2644D7B9002B76CD /* Project object */;
}
